
Microsoft Visual Studio Solution File, Format Version 12.00
# Visual Studio Version 17
VisualStudioVersion = 17.5.33516.290
MinimumVisualStudioVersion = 10.0.40219.1
Project("{FAE04EC0-301F-11D3-BF4B-00C04F79EFBC}") = "FrameworkAssesment1", "FrameworkAssesment1.csproj", "{F86ECCE2-BB29-46BF-8306-3659A10F0B41}"
EndProject
Global
	GlobalSection(SolutionConfigurationPlatforms) = preSolution
		Debug|Any CPU = Debug|Any CPU
		Release|Any CPU = Release|Any CPU
	EndGlobalSection
	GlobalSection(ProjectConfigurationPlatforms) = postSolution
		{F86ECCE2-BB29-46BF-8306-3659A10F0B41}.Debug|Any CPU.ActiveCfg = Debug|Any CPU
		{F86ECCE2-BB29-46BF-8306-3659A10F0B41}.Debug|Any CPU.Build.0 = Debug|Any CPU
		{F86ECCE2-BB29-46BF-8306-3659A10F0B41}.Release|Any CPU.ActiveCfg = Release|Any CPU
		{F86ECCE2-BB29-46BF-8306-3659A10F0B41}.Release|Any CPU.Build.0 = Release|Any CPU
	EndGlobalSection
	GlobalSection(SolutionProperties) = preSolution
		HideSolutionNode = FALSE
	EndGlobalSection
	GlobalSection(ExtensibilityGlobals) = postSolution
		SolutionGuid = {B62D3EBA-FDF5-4427-AD1A-41997F8AD826}
	EndGlobalSection
EndGlobal
